{
  "lockfileVersion": 1,
  "configVersion": 1,
  "workspaces": {
    "": {
      "name": "lineage",
      "dependencies": {
        "@lineage/chain": "workspace:*",
        "@lineage/protocol": "workspace:*",
        "@lineage/sandbox": "workspace:*",
      },
      "devDependencies": {
        "bun-types": "^1.4.2",
        "typescript": "5.9.3",
      },
    },
    "apps/web": {
      "name": "@lineage/web",
      "version": "0.1.0",
      "dependencies": {
        "@lineage/souls": "workspace:*",
      },
    },
    "packages/chain": {
      "name": "@lineage/chain",
      "version": "0.1.0",
      "dependencies": {
        "@lineage/protocol": "workspace:*",
      },
    },
    "packages/core": {
      "name": "@lineage/core",
      "version": "0.1.0",
      "dependencies": {
        "@lineage/chain": "workspace:*",
        "@lineage/souls": "workspace:*",
      },
    },
    "packages/indexer": {
      "name": "@lineage/indexer",
      "version": "0.1.0",
      "dependencies": {
        "@lineage/chain": "workspace:*",
        "@lineage/protocol": "workspace:*",
      },
    },
    "packages/mirror": {
      "name": "@lineage/mirror",
      "version": "0.1.0",
      "bin": {
        "lineage-mirror": "src/cli.ts",
      },
      "dependencies": {
        "@lineage/protocol": "workspace:*",
        "@lineage/souls": "workspace:*",
      },
    },
    "packages/protocol": {
      "name": "@lineage/protocol",
      "version": "0.1.0",
    },
    "packages/runtime": {
      "name": "@lineage/runtime",
      "version": "0.1.0",
      "bin": {
        "lineage-runtime": "src/main.ts",
      },
      "dependencies": {
        "@anthropic-ai/sdk": "^0.132.0",
        "@lineage/chain": "workspace:*",
        "@lineage/protocol": "workspace:*",
        "@lineage/sandbox": "workspace:*",
        "@lineage/worker": "workspace:*",
      },
    },
    "packages/sandbox": {
      "name": "@lineage/sandbox",
      "version": "0.1.0",
      "dependencies": {
        "@lineage/protocol": "workspace:*",
      },
    },
    "packages/souls": {
      "name": "@lineage/souls",
      "version": "0.1.0",
      "bin": {
        "lineage-souls": "src/cli.ts",
      },
      "dependencies": {
        "@anthropic-ai/sdk": "^0.132.0",
        "@lineage/protocol": "workspace:*",
      },
    },
    "packages/worker": {
      "name": "@lineage/worker",
      "version": "0.1.0",
      "bin": {
        "lineage-worker": "src/main.ts",
      },
      "dependencies": {
        "@anthropic-ai/sdk": "^0.132.0",
        "@lineage/protocol": "workspace:*",
        "@lineage/sandbox": "workspace:*",
        "@lineage/souls": "workspace:*",
      },
    },
  },
  "packages": {
    "@anthropic-ai/sdk": ["@anthropic-ai/sdk@0.132.0", "", { "dependencies": { "json-schema-to-ts": "^3.1.1", "standardwebhooks": "^1.0.0" }, "peerDependencies": { "zod": "^3.25.0 || ^4.0.0" }, "optionalPeers": ["zod"], "bin": { "anthropic-ai-sdk": "bin/cli" } }, "sha512-hsKXmb+GjIgGpaJRF7rf2yKFa1SPyVJPQhZLNPDYA4J5YRrcVh4jn/aozLRKHWXGCGM9MPw16S+ry+zKIKCr7Q=="],

    "@babel/runtime": ["@babel/runtime@7.29.10", "", {}, "sha512-NpugTzbKgGrNe45Ui32cN8vCFFMxVtP/9rtfwv0nP5FRDAjvYBxJcLVpYA9mr1jxP6cnIT7x9LUzuDTbWYYNRA=="],

    "@lineage/chain": ["@lineage/chain@workspace:packages/chain"],

    "@lineage/core": ["@lineage/core@workspace:packages/core"],

    "@lineage/indexer": ["@lineage/indexer@workspace:packages/indexer"],

    "@lineage/mirror": ["@lineage/mirror@workspace:packages/mirror"],

    "@lineage/protocol": ["@lineage/protocol@workspace:packages/protocol"],

    "@lineage/runtime": ["@lineage/runtime@workspace:packages/runtime"],

    "@lineage/sandbox": ["@lineage/sandbox@workspace:packages/sandbox"],

    "@lineage/souls": ["@lineage/souls@workspace:packages/souls"],

    "@lineage/web": ["@lineage/web@workspace:apps/web"],

    "@lineage/worker": ["@lineage/worker@workspace:packages/worker"],

    "@stablelib/base64": ["@stablelib/base64@1.0.1", "", {}, "sha512-1bnPQqSxSuc3Ii6MhBysoWCg58j97aUjuCSZrGSmDxNqtytIi0k8utUenAwTZN4V5mXXYGsVUI9zeBqy+jBOSQ=="],

    "@types/node": ["@types/node@26.6.4", "", { "dependencies": { "undici-types": "~8.9.0" } }, "sha512-ldVPDCzj7fsaGZrLB0NuHuTvJcsNasysBAqMolr/cgxrLd1xbqxIr3XJiPnHHJUCxj5sNF1vnRj9aWnrVh5Jcg=="],

    "bun-types": ["bun-types@1.4.2", "", { "dependencies": { "@types/node": "*" } }, "sha512-bxV1FgK7yBIzjRe5zBozIM4Bem11ZJcCXSrjWRG3YWLt8yFDePu4cLjpebO8OvPeIE9trbyPF4fuj3Cia4Fj3w=="],

    "fast-sha256": ["fast-sha256@1.3.0", "", {}, "sha512-n11RGP/lrWEFI/bWdygLxhI+pVeo1ZYIVwvvPkW7azl/rOy+F3HYRZ2K5zeE9mmkhQppyv9sQFx0JM9UabnpPQ=="],

    "json-schema-to-ts": ["json-schema-to-ts@3.1.1", "", { "dependencies": { "@babel/runtime": "^7.18.3", "ts-algebra": "^2.0.0" } }, "sha512-+DWg8jCJG2TEnpy7kOm/7/AxaYoaRbjVB4LFZLySZlWn8exGs3A4OLJR966cVvU26N7X9TWxl+Jsw7dzAqKT6g=="],

    "standardwebhooks": ["standardwebhooks@1.1.1", "", { "dependencies": { "@stablelib/base64": "^1.0.0", "fast-sha256": "^1.3.0" } }, "sha512-bCbX9ZEyFkWPsRz7Bl3NuQUJohmwGSev/yhr7vhaGPlc4AfIrspIRa6cPTBuI1ItmrTDJ4d/S2hCsfe4+vQGnQ=="],

    "ts-algebra": ["ts-algebra@2.0.0", "", {}, "sha512-FPAhNPFMrkwz76P7cdjdmiShwMynZYN6SgOujD1urY4oNm80Ou9oMdmbR45LotcKOXoy7wSmHkRFE6Mxbrhefw=="],

    "typescript": ["typescript@5.9.3", "", { "bin": { "tsc": "bin/tsc", "tsserver": "bin/tsserver" } }, "sha512-jl1vZzPDinLr9eUt3J/t7V6FgNEw9QjvBPdysz9KfQDD41fQrC2Y4vKQdiaUpFT4bXlb1RHhLpp8wtm6M5TgSw=="],

    "undici-types": ["undici-types@8.9.0", "", {}, "sha512-KTDyRTYX8sWmKXAikPHHSyc63CRPETMctyjKFupcC6OBLXT3xsN0e9aF7m+mIXutFWpUXuedtowG7iLOzp0kQg=="],
  }
}
