{
  "lockfileVersion": 1,
  "configVersion": 1,
  "workspaces": {
    "": {
      "name": "lineage",
      "dependencies": {
        "@lineage/chain": "workspace:*",
        "@lineage/protocol": "workspace:*",
        "@lineage/sandbox": "workspace:*",
      },
      "devDependencies": {
        "bun-types": "^1.4.2",
        "typescript": "5.9.3",
      },
    },
    "apps/web": {
      "name": "@lineage/web",
      "version": "0.1.0",
      "dependencies": {
        "@lineage/souls": "workspace:*",
      },
    },
    "packages/chain": {
      "name": "@lineage/chain",
      "version": "0.1.0",
      "dependencies": {
        "@lineage/protocol": "workspace:*",
      },
    },
    "packages/core": {
      "name": "@lineage/core",
      "version": "0.1.0",
      "dependencies": {
        "@lineage/chain": "workspace:*",
        "@lineage/souls": "workspace:*",
      },
    },
    "packages/desktop": {
      "name": "@lineage/desktop",
      "version": "0.1.0",
      "dependencies": {
        "@e2b/desktop": "2.4.0",
      },
    },
    "packages/embed": {
      "name": "@lineage/embed",
      "version": "0.1.0",
    },
    "packages/identity": {
      "name": "@lineage/identity",
      "version": "0.1.0",
      "bin": {
        "lineage-identity": "src/main.ts",
      },
      "dependencies": {
        "@lineage/chain": "workspace:*",
        "@lineage/mirror": "workspace:*",
        "@lineage/protocol": "workspace:*",
        "@lineage/souls": "workspace:*",
      },
    },
    "packages/indexer": {
      "name": "@lineage/indexer",
      "version": "0.1.0",
      "dependencies": {
        "@lineage/chain": "workspace:*",
        "@lineage/protocol": "workspace:*",
      },
    },
    "packages/mirror": {
      "name": "@lineage/mirror",
      "version": "0.1.0",
      "bin": {
        "lineage-mirror": "src/cli.ts",
      },
      "dependencies": {
        "@lineage/protocol": "workspace:*",
        "@lineage/souls": "workspace:*",
      },
    },
    "packages/protocol": {
      "name": "@lineage/protocol",
      "version": "0.1.0",
    },
    "packages/runtime": {
      "name": "@lineage/runtime",
      "version": "0.1.0",
      "bin": {
        "lineage-runtime": "src/main.ts",
      },
      "dependencies": {
        "@anthropic-ai/sdk": "^0.132.0",
        "@lineage/chain": "workspace:*",
        "@lineage/protocol": "workspace:*",
        "@lineage/sandbox": "workspace:*",
        "@lineage/worker": "workspace:*",
      },
    },
    "packages/sandbox": {
      "name": "@lineage/sandbox",
      "version": "0.1.0",
      "dependencies": {
        "@lineage/protocol": "workspace:*",
      },
    },
    "packages/souls": {
      "name": "@lineage/souls",
      "version": "0.1.0",
      "bin": {
        "lineage-souls": "src/cli.ts",
      },
      "dependencies": {
        "@anthropic-ai/sdk": "^0.132.0",
        "@lineage/protocol": "workspace:*",
      },
    },
    "packages/trader": {
      "name": "@lineage/trader",
      "version": "0.1.0",
      "dependencies": {
        "@anthropic-ai/sdk": "^0.132.0",
        "@lineage/chain": "workspace:*",
        "@lineage/protocol": "workspace:*",
      },
    },
    "packages/worker": {
      "name": "@lineage/worker",
      "version": "0.1.0",
      "bin": {
        "lineage-worker": "src/main.ts",
      },
      "dependencies": {
        "@anthropic-ai/sdk": "^0.132.0",
        "@lineage/protocol": "workspace:*",
        "@lineage/sandbox": "workspace:*",
        "@lineage/souls": "workspace:*",
      },
    },
  },
  "packages": {
    "@anthropic-ai/sdk": ["@anthropic-ai/sdk@0.132.0", "", { "dependencies": { "json-schema-to-ts": "^3.1.1", "standardwebhooks": "^1.0.0" }, "peerDependencies": { "zod": "^3.25.0 || ^4.0.0" }, "optionalPeers": ["zod"], "bin": { "anthropic-ai-sdk": "bin/cli" } }, "sha512-hsKXmb+GjIgGpaJRF7rf2yKFa1SPyVJPQhZLNPDYA4J5YRrcVh4jn/aozLRKHWXGCGM9MPw16S+ry+zKIKCr7Q=="],

    "@babel/runtime": ["@babel/runtime@7.29.10", "", {}, "sha512-NpugTzbKgGrNe45Ui32cN8vCFFMxVtP/9rtfwv0nP5FRDAjvYBxJcLVpYA9mr1jxP6cnIT7x9LUzuDTbWYYNRA=="],

    "@bufbuild/protobuf": ["@bufbuild/protobuf@2.16.0", "", {}, "sha512-FWa0sPlqYGJgpTs6OxBRcL/AW4JT0OIO+W1ajerluoTVh8CV0B7XM1qsNCRgnkSCkRCgOICKHRQlY17jrsm0+Q=="],

    "@connectrpc/connect": ["@connectrpc/connect@2.2.0", "", { "peerDependencies": { "@bufbuild/protobuf": "^2.7.0" } }, "sha512-M63OQ1ZFcPUm85CuewJ9G9CMV8LjzGR9935xOnXNQGSazAbwMb3x2W7vXBYM1zqrP7XFD8uxp/dUAhirclgwnQ=="],

    "@connectrpc/connect-web": ["@connectrpc/connect-web@2.2.0", "", { "peerDependencies": { "@bufbuild/protobuf": "^2.7.0", "@connectrpc/connect": "2.2.0" } }, "sha512-uuBUcBTYfb/r1o98LzCCZk1H90yx0vmZ5m21dpw/q4EUwsKwkCDGI8H0aEdjcZld+Q2jJ5A5ADvPqfb6lzQ/sg=="],

    "@e2b/desktop": ["@e2b/desktop@2.4.0", "", { "dependencies": { "e2b": "^2.48.0" } }, "sha512-eeY4p/lz7kkDJMidREe7sp2nln16P1M1p64Fb+csn4SssxC2EjKBGqP0NEIlVDVd6iCuPbM7cVlkE/qbwJX4jg=="],

    "@e2b/dockerfile-utils": ["@e2b/dockerfile-utils@0.1.0", "", {}, "sha512-JBiWrLHESy6E08PTGLf0RlE0BCKyi5+Et6TzX8pQOz3GRl/B89EnR3PZaIvp15QgD8STMY92D9KEHQqrOdWRKQ=="],

    "@isaacs/fs-minipass": ["@isaacs/fs-minipass@4.0.1", "", { "dependencies": { "minipass": "^7.0.4" } }, "sha512-wgm9Ehl2jpeqP3zw/7mo3kRHFp5MEDhqAdwy1fTGkHAwnkGOVsgpvQhL8B5n1qlb01jV3n/bI0ZfZp5lWA1k4w=="],

    "@lineage/chain": ["@lineage/chain@workspace:packages/chain"],

    "@lineage/core": ["@lineage/core@workspace:packages/core"],

    "@lineage/desktop": ["@lineage/desktop@workspace:packages/desktop"],

    "@lineage/embed": ["@lineage/embed@workspace:packages/embed"],

    "@lineage/identity": ["@lineage/identity@workspace:packages/identity"],

    "@lineage/indexer": ["@lineage/indexer@workspace:packages/indexer"],

    "@lineage/mirror": ["@lineage/mirror@workspace:packages/mirror"],

    "@lineage/protocol": ["@lineage/protocol@workspace:packages/protocol"],

    "@lineage/runtime": ["@lineage/runtime@workspace:packages/runtime"],

    "@lineage/sandbox": ["@lineage/sandbox@workspace:packages/sandbox"],

    "@lineage/souls": ["@lineage/souls@workspace:packages/souls"],

    "@lineage/trader": ["@lineage/trader@workspace:packages/trader"],

    "@lineage/web": ["@lineage/web@workspace:apps/web"],

    "@lineage/worker": ["@lineage/worker@workspace:packages/worker"],

    "@stablelib/base64": ["@stablelib/base64@1.0.1", "", {}, "sha512-1bnPQqSxSuc3Ii6MhBysoWCg58j97aUjuCSZrGSmDxNqtytIi0k8utUenAwTZN4V5mXXYGsVUI9zeBqy+jBOSQ=="],

    "@types/node": ["@types/node@26.6.4", "", { "dependencies": { "undici-types": "~8.9.0" } }, "sha512-ldVPDCzj7fsaGZrLB0NuHuTvJcsNasysBAqMolr/cgxrLd1xbqxIr3XJiPnHHJUCxj5sNF1vnRj9aWnrVh5Jcg=="],

    "balanced-match": ["balanced-match@4.0.4", "", {}, "sha512-BLrgEcRTwX2o6gGxGOCNyMvGSp35YofuYzw9h1IMTRmKqttAZZVU67bdb9Pr2vUHA8+j3i2tJfjO6C6+4myGTA=="],

    "brace-expansion": ["brace-expansion@5.0.12", "", { "dependencies": { "balanced-match": "^4.0.2" } }, "sha512-YovQ3rzhaLMIrDjNDMkNS01tea93qhEhG5xy8f6+R0l+dw3Ki+5sCoIoI942iuLZTHWogWktgwVDhU09iNEimQ=="],

    "bun-types": ["bun-types@1.4.2", "", { "dependencies": { "@types/node": "*" } }, "sha512-bxV1FgK7yBIzjRe5zBozIM4Bem11ZJcCXSrjWRG3YWLt8yFDePu4cLjpebO8OvPeIE9trbyPF4fuj3Cia4Fj3w=="],

    "chalk": ["chalk@5.6.2", "", {}, "sha512-7NzBL0rN6fMUW+f7A6Io4h40qQlG+xGmtMxfbnH/K7TAtt8JQWVQK+6g0UXKMeVJoyV5EkkNsErQ8pVD3bLHbA=="],

    "chownr": ["chownr@3.0.0", "", {}, "sha512-+IxzY9BZOQd/XuYPRmrvEVjF/nqj5kgT4kEq7VofrDoM1MxoRjEWkrCC3EtLi59TVawxTAn+orJwFQcrqEN1+g=="],

    "compare-versions": ["compare-versions@6.1.1", "", {}, "sha512-4hm4VPpIecmlg59CHXnRDnqGplJFrbLG4aFEl5vl6cK1u76ws3LLvX7ikFnTDl5vo39sjWD6AaDPYodJp/NNHg=="],

    "e2b": ["e2b@2.55.0", "", { "dependencies": { "@bufbuild/protobuf": "^2.15.0", "@connectrpc/connect": "^2.2.0", "@connectrpc/connect-web": "^2.2.0", "@e2b/dockerfile-utils": "^0.1.0", "chalk": "^5.6.2", "compare-versions": "^6.1.1", "glob": "^13.0.6", "openapi-fetch": "^0.17.0", "platform": "^1.3.6", "tar": "^7.5.22", "undici": "^7.30.0" }, "optionalDependencies": { "undici8": "npm:undici@8.11.2" } }, "sha512-viC7GLHMPqzilndlKgNXWN0ebMV8fpbI1IfDlPd+GHuNcJIcUCXKyr5HAxjcC5sDMym3rrbyUyUQ+zQVAU9oGA=="],

    "fast-sha256": ["fast-sha256@1.3.0", "", {}, "sha512-n11RGP/lrWEFI/bWdygLxhI+pVeo1ZYIVwvvPkW7azl/rOy+F3HYRZ2K5zeE9mmkhQppyv9sQFx0JM9UabnpPQ=="],

    "glob": ["glob@13.0.6", "", { "dependencies": { "minimatch": "^10.2.2", "minipass": "^7.1.3", "path-scurry": "^2.0.2" } }, "sha512-Wjlyrolmm8uDpm/ogGyXZXb1Z+Ca2B8NbJwqBVg0axK9GbBeoS7yGV6vjXnYdGm6X53iehEuxxbyiKp8QmN4Vw=="],

    "json-schema-to-ts": ["json-schema-to-ts@3.1.1", "", { "dependencies": { "@babel/runtime": "^7.18.3", "ts-algebra": "^2.0.0" } }, "sha512-+DWg8jCJG2TEnpy7kOm/7/AxaYoaRbjVB4LFZLySZlWn8exGs3A4OLJR966cVvU26N7X9TWxl+Jsw7dzAqKT6g=="],

    "lru-cache": ["lru-cache@11.5.3", "", {}, "sha512-U4N8FgzmWxc8k1VH8Kr6lQg18U7Fjvby6wXHVRX/ZZ7IwWbRMgrRbP0Wrb5q5NVinryp4SQampHKdvtecItxUg=="],

    "minimatch": ["minimatch@10.2.6", "", { "dependencies": { "brace-expansion": "^5.0.8" } }, "sha512-vpLQEs+VLCr1nU0BXS07maYoFwlDAH0gngQuuttxIwutDFEMHq2blX+8vpgxDdK3J1PwjCJiep77OitTZ4Ll1A=="],

    "minipass": ["minipass@7.1.3", "", {}, "sha512-tEBHqDnIoM/1rXME1zgka9g6Q2lcoCkxHLuc7ODJ5BxbP5d4c2Z5cGgtXAku59200Cx7diuHTOYfSBD8n6mm8A=="],

    "minizlib": ["minizlib@3.1.0", "", { "dependencies": { "minipass": "^7.1.2" } }, "sha512-KZxYo1BUkWD2TVFLr0MQoM8vUUigWD3LlD83a/75BqC+4qE0Hb1Vo5v1FgcfaNXvfXzr+5EhQ6ing/CaBijTlw=="],

    "openapi-fetch": ["openapi-fetch@0.17.0", "", { "dependencies": { "openapi-typescript-helpers": "^0.1.0" } }, "sha512-PsbZR1wAPcG91eEthKhN+Zn92FMHxv+/faECIwjXdxfTODGSGegYv0sc1Olz+HYPvKOuoXfp+0pA2XVt2cI0Ig=="],

    "openapi-typescript-helpers": ["openapi-typescript-helpers@0.1.0", "", {}, "sha512-OKTGPthhivLw/fHz6c3OPtg72vi86qaMlqbJuVJ23qOvQ+53uw1n7HdmkJFibloF7QEjDrDkzJiOJuockM/ljw=="],

    "path-scurry": ["path-scurry@2.0.2", "", { "dependencies": { "lru-cache": "^11.0.0", "minipass": "^7.1.2" } }, "sha512-3O/iVVsJAPsOnpwWIeD+d6z/7PmqApyQePUtCndjatj/9I5LylHvt5qluFaBT3I5h3r1ejfR056c+FCv+NnNXg=="],

    "platform": ["platform@1.3.6", "", {}, "sha512-fnWVljUchTro6RiCFvCXBbNhJc2NijN7oIQxbwsyL0buWJPG85v81ehlHI9fXrJsMNgTofEoWIQeClKpgxFLrg=="],

    "standardwebhooks": ["standardwebhooks@1.1.1", "", { "dependencies": { "@stablelib/base64": "^1.0.0", "fast-sha256": "^1.3.0" } }, "sha512-bCbX9ZEyFkWPsRz7Bl3NuQUJohmwGSev/yhr7vhaGPlc4AfIrspIRa6cPTBuI1ItmrTDJ4d/S2hCsfe4+vQGnQ=="],

    "tar": ["tar@7.5.22", "", { "dependencies": { "@isaacs/fs-minipass": "^4.0.0", "chownr": "^3.0.0", "minipass": "^7.1.2", "minizlib": "^3.1.0", "yallist": "^5.0.0" } }, "sha512-MFO/QzvtAOmJbkhOaCTvbGcFN9L9b+JunIsDwaKljSOdcLMea3NJ1k9Usz/rjdfSXTq4dfzfeS7W4p4YOAAHeA=="],

    "ts-algebra": ["ts-algebra@2.0.0", "", {}, "sha512-FPAhNPFMrkwz76P7cdjdmiShwMynZYN6SgOujD1urY4oNm80Ou9oMdmbR45LotcKOXoy7wSmHkRFE6Mxbrhefw=="],

    "typescript": ["typescript@5.9.3", "", { "bin": { "tsc": "bin/tsc", "tsserver": "bin/tsserver" } }, "sha512-jl1vZzPDinLr9eUt3J/t7V6FgNEw9QjvBPdysz9KfQDD41fQrC2Y4vKQdiaUpFT4bXlb1RHhLpp8wtm6M5TgSw=="],

    "undici": ["undici@7.30.0", "", {}, "sha512-dkrQXeHSaoamnItlYbmzG0wFYrM0ZwDxCIg0A7aKjTyyhh9svRzCNFEzV+Vm05/yehjCzjDZ31KXfGEjYSztDQ=="],

    "undici-types": ["undici-types@8.9.0", "", {}, "sha512-KTDyRTYX8sWmKXAikPHHSyc63CRPETMctyjKFupcC6OBLXT3xsN0e9aF7m+mIXutFWpUXuedtowG7iLOzp0kQg=="],

    "undici8": ["undici@8.11.2", "", {}, "sha512-u4UB2/IrKdU6lFxumHmmo1a3fCQO5tzQllRorfoRS63txhrB7xTpSn1PftwC4qEHkOaqP95fCWW4lJzwErwzhQ=="],

    "yallist": ["yallist@5.0.0", "", {}, "sha512-YgvUTfwqyc7UXVMrB+SImsVYSmTS8X/tSrtdNZMImM+n7+QTriRXyXim0mBrTXNeqzVF0KWGgHPeiyViFFrNDw=="],
  }
}
